PODS:
  - Capacitor (7.6.8):
    - CapacitorCordova
  - CapacitorAppLauncher (7.0.4):
    - Capacitor
  - CapacitorCordova (7.6.8)
  - CapacitorPushNotifications (7.0.7):
    - Capacitor

DEPENDENCIES:
  - "Capacitor (from `../../node_modules/@capacitor/ios`)"
  - "CapacitorAppLauncher (from `../../node_modules/@capacitor/app-launcher`)"
  - "CapacitorCordova (from `../../node_modules/@capacitor/ios`)"
  - "CapacitorPushNotifications (from `../../node_modules/@capacitor/push-notifications`)"

EXTERNAL SOURCES:
  Capacitor:
    :path: "../../node_modules/@capacitor/ios"
  CapacitorAppLauncher:
    :path: "../../node_modules/@capacitor/app-launcher"
  CapacitorCordova:
    :path: "../../node_modules/@capacitor/ios"
  CapacitorPushNotifications:
    :path: "../../node_modules/@capacitor/push-notifications"

SPEC CHECKSUMS:
  Capacitor: ff6bf01336ac353098378828aff465095a89e459
  CapacitorAppLauncher: a4f8a38922f861e585d887185ef28432e17c3eca
  CapacitorCordova: e61ee8c40101b8cd011d0224261606a290c082cf
  CapacitorPushNotifications: 0527809a9619ed775439d5ab2c2d996122b48319

PODFILE CHECKSUM: e13b00382c1fbbb7cdefcee1f9b0cae4b596c884

COCOAPODS: 1.17.0
